
Microsoft Visual Studio Solution File, Format Version 12.00
# Visual Studio Version 16
VisualStudioVersion = 16.0.32228.343
MinimumVisualStudioVersion = 10.0.40219.1
Project("{9A19103F-16F7-4668-BE54-9A1E7A4F7556}") = "HomeworkTask1", "HomeworkTask1\HomeworkTask1.csproj", "{CD92293C-0134-4BA7-9A4C-54397215959B}"
EndProject
Project("{FAE04EC0-301F-11D3-BF4B-00C04F79EFBC}") = "HomeworkTask2", "HomeworkTask2\HomeworkTask2.csproj", "{D88C0E3A-59E9-46C7-80A3-8F7902B0EFBA}"
EndProject
Project("{FAE04EC0-301F-11D3-BF4B-00C04F79EFBC}") = "HomeworkSaturday", "HomeworkSaturday\HomeworkSaturday.csproj", "{83F2DA64-71C3-49E2-A112-51B35494B6FA}"
EndProject
Global
	GlobalSection(SolutionConfigurationPlatforms) = preSolution
		Debug|Any CPU = Debug|Any CPU
		Release|Any CPU = Release|Any CPU
	EndGlobalSection
	GlobalSection(ProjectConfigurationPlatforms) = postSolution
		{CD92293C-0134-4BA7-9A4C-54397215959B}.Debug|Any CPU.ActiveCfg = Debug|Any CPU
		{CD92293C-0134-4BA7-9A4C-54397215959B}.Debug|Any CPU.Build.0 = Debug|Any CPU
		{CD92293C-0134-4BA7-9A4C-54397215959B}.Release|Any CPU.ActiveCfg = Release|Any CPU
		{CD92293C-0134-4BA7-9A4C-54397215959B}.Release|Any CPU.Build.0 = Release|Any CPU
		{D88C0E3A-59E9-46C7-80A3-8F7902B0EFBA}.Debug|Any CPU.ActiveCfg = Debug|Any CPU
		{D88C0E3A-59E9-46C7-80A3-8F7902B0EFBA}.Debug|Any CPU.Build.0 = Debug|Any CPU
		{D88C0E3A-59E9-46C7-80A3-8F7902B0EFBA}.Release|Any CPU.ActiveCfg = Release|Any CPU
		{D88C0E3A-59E9-46C7-80A3-8F7902B0EFBA}.Release|Any CPU.Build.0 = Release|Any CPU
		{83F2DA64-71C3-49E2-A112-51B35494B6FA}.Debug|Any CPU.ActiveCfg = Debug|Any CPU
		{83F2DA64-71C3-49E2-A112-51B35494B6FA}.Debug|Any CPU.Build.0 = Debug|Any CPU
		{83F2DA64-71C3-49E2-A112-51B35494B6FA}.Release|Any CPU.ActiveCfg = Release|Any CPU
		{83F2DA64-71C3-49E2-A112-51B35494B6FA}.Release|Any CPU.Build.0 = Release|Any CPU
	EndGlobalSection
	GlobalSection(SolutionProperties) = preSolution
		HideSolutionNode = FALSE
	EndGlobalSection
	GlobalSection(ExtensibilityGlobals) = postSolution
		SolutionGuid = {3A83786E-F5BC-40D2-AAC5-4FF52D94D91B}
	EndGlobalSection
EndGlobal
